
Microsoft Visual Studio Solution File, Format Version 11.00
# Visual Studio 2010
Project("{8BC9CEB8-8B4A-11D0-8D11-00A0C91BC942}") = "oniFixer", "oniFixer.vcxproj", "{66A7816D-A33D-471E-B0A5-C241D5AE220F}"
EndProject
Global
	GlobalSection(SolutionConfigurationPlatforms) = preSolution
		Debug|Win32 = Debug|Win32
		Release|Win32 = Release|Win32
	EndGlobalSection
	GlobalSection(ProjectConfigurationPlatforms) = postSolution
		{66A7816D-A33D-471E-B0A5-C241D5AE220F}.Debug|Win32.ActiveCfg = Debug|Win32
		{66A7816D-A33D-471E-B0A5-C241D5AE220F}.Debug|Win32.Build.0 = Debug|Win32
		{66A7816D-A33D-471E-B0A5-C241D5AE220F}.Release|Win32.ActiveCfg = Release|Win32
		{66A7816D-A33D-471E-B0A5-C241D5AE220F}.Release|Win32.Build.0 = Release|Win32
	EndGlobalSection
	GlobalSection(SolutionProperties) = preSolution
		HideSolutionNode = FALSE
	EndGlobalSection
EndGlobal
